// !$*UTF8*$!
{
	archiveVersion = 1;
	classes = {
	};
	objectVersion = 50;
	objects = {

/* Begin PBXBuildFile section */
		69123D32222C829600C5F486 /* AppDelegate.swift in Sources */ = {isa = PBXBuildFile; fileRef = 69123D31222C829600C5F486 /* AppDelegate.swift */; };
		69123D37222C829600C5F486 /* Main.storyboard in Resources */ = {isa = PBXBuildFile; fileRef = 69123D35222C829600C5F486 /* Main.storyboard */; };
		69123D3C222C829C00C5F486 /* LaunchScreen.storyboard in Resources */ = {isa = PBXBuildFile; fileRef = 69123D3A222C829C00C5F486 /* LaunchScreen.storyboard */; };
		69123D47222C829C00C5F486 /* ms76497_assignment5Tests.swift in Sources */ = {isa = PBXBuildFile; fileRef = 69123D46222C829C00C5F486 /* ms76497_assignment5Tests.swift */; };
		69123D52222C849200C5F486 /* Animal.swift in Sources */ = {isa = PBXBuildFile; fileRef = 69123D51222C849200C5F486 /* Animal.swift */; };
		69123D54222C8F5400C5F486 /* AnimalsTableViewController.swift in Sources */ = {isa = PBXBuildFile; fileRef = 69123D53222C8F5400C5F486 /* AnimalsTableViewController.swift */; };
		69123D5A222E02F500C5F486 /* animals.plist in Resources */ = {isa = PBXBuildFile; fileRef = 69123D59222E02F500C5F486 /* animals.plist */; };
		EC20C3302230DABA00977E94 /* GalleryViewController.swift in Sources */ = {isa = PBXBuildFile; fileRef = EC20C32F2230DABA00977E94 /* GalleryViewController.swift */; };
		EC20C3322230DC8200977E94 /* GalleryItem.swift in Sources */ = {isa = PBXBuildFile; fileRef = EC20C3312230DC8200977E94 /* GalleryItem.swift */; };
		EC20C3342230E15400977E94 /* Items.plist in Resources */ = {isa = PBXBuildFile; fileRef = EC20C3332230E15400977E94 /* Items.plist */; };
		EC20C3362230F0A000977E94 /* Assets.xcassets in Resources */ = {isa = PBXBuildFile; fileRef = EC20C3352230F0A000977E94 /* Assets.xcassets */; };
		ED9281552232E60C0065E2AB /* AnimalCell.swift in Sources */ = {isa = PBXBuildFile; fileRef = ED9281542232E60C0065E2AB /* AnimalCell.swift */; };
/* End PBXBuildFile section */

/* Begin PBXContainerItemProxy section */
		69123D43222C829C00C5F486 /* PBXContainerItemProxy */ = {
			isa = PBXContainerItemProxy;
			containerPortal = 69123D26222C829600C5F486 /* Project object */;
			proxyType = 1;
			remoteGlobalIDString = 69123D2D222C829600C5F486;
			remoteInfo = ms76497_assignment5;
		};
/* End PBXContainerItemProxy section */

/* Begin PBXFileReference section */
		69123D2E222C829600C5F486 /* ms76497_assignment5.app */ = {isa = PBXFileReference; explicitFileType = wrapper.application; includeInIndex = 0; path = ms76497_assignment5.app; sourceTree = BUILT_PRODUCTS_DIR; };
		69123D31222C829600C5F486 /* AppDelegate.swift */ = {isa = PBXFileReference; lastKnownFileType = sourcecode.swift; path = AppDelegate.swift; sourceTree = "<group>"; };
		69123D36222C829600C5F486 /* Base */ = {isa = PBXFileReference; lastKnownFileType = file.storyboard; name = Base; path = Base.lproj/Main.storyboard; sourceTree = "<group>"; };
		69123D3B222C829C00C5F486 /* Base */ = {isa = PBXFileReference; lastKnownFileType = file.storyboard; name = Base; path = Base.lproj/LaunchScreen.storyboard; sourceTree = "<group>"; };
		69123D3D222C829C00C5F486 /* Info.plist */ = {isa = PBXFileReference; lastKnownFileType = text.plist.xml; path = Info.plist; sourceTree = "<group>"; };
		69123D42222C829C00C5F486 /* ms76497_assignment5Tests.xctest */ = {isa = PBXFileReference; explicitFileType = wrapper.cfbundle; includeInIndex = 0; path = ms76497_assignment5Tests.xctest; sourceTree = BUILT_PRODUCTS_DIR; };
		69123D46222C829C00C5F486 /* ms76497_assignment5Tests.swift */ = {isa = PBXFileReference; lastKnownFileType = sourcecode.swift; path = ms76497_assignment5Tests.swift; sourceTree = "<group>"; };
		69123D48222C829C00C5F486 /* Info.plist */ = {isa = PBXFileReference; lastKnownFileType = text.plist.xml; path = Info.plist; sourceTree = "<group>"; };
		69123D51222C849200C5F486 /* Animal.swift */ = {isa = PBXFileReference; lastKnownFileType = sourcecode.swift; path = Animal.swift; sourceTree = "<group>"; };
		69123D53222C8F5400C5F486 /* AnimalsTableViewController.swift */ = {isa = PBXFileReference; lastKnownFileType = sourcecode.swift; path = AnimalsTableViewController.swift; sourceTree = "<group>"; };
		69123D59222E02F500C5F486 /* animals.plist */ = {isa = PBXFileReference; fileEncoding = 4; lastKnownFileType = text.plist.xml; path = animals.plist; sourceTree = "<group>"; };
		EC20C32F2230DABA00977E94 /* GalleryViewController.swift */ = {isa = PBXFileReference; lastKnownFileType = sourcecode.swift; path = GalleryViewController.swift; sourceTree = "<group>"; };
		EC20C3312230DC8200977E94 /* GalleryItem.swift */ = {isa = PBXFileReference; lastKnownFileType = sourcecode.swift; path = GalleryItem.swift; sourceTree = "<group>"; };
		EC20C3332230E15400977E94 /* Items.plist */ = {isa = PBXFileReference; lastKnownFileType = text.plist.xml; path = Items.plist; sourceTree = "<group>"; };
		EC20C3352230F0A000977E94 /* Assets.xcassets */ = {isa = PBXFileReference; lastKnownFileType = folder.assetcatalog; path = Assets.xcassets; sourceTree = "<group>"; };
		ED9281542232E60C0065E2AB /* AnimalCell.swift */ = {isa = PBXFileReference; lastKnownFileType = sourcecode.swift; path = AnimalCell.swift; sourceTree = "<group>"; };
/* End PBXFileReference section */

/* Begin PBXFrameworksBuildPhase section */
		69123D2B222C829600C5F486 /* Frameworks */ = {
			isa = PBXFrameworksBuildPhase;
			buildActionMask = 2147483647;
			files = (
			);
			runOnlyForDeploymentPostprocessing = 0;
		};
		69123D3F222C829C00C5F486 /* Frameworks */ = {
			isa = PBXFrameworksBuildPhase;
			buildActionMask = 2147483647;
			files = (
			);
			runOnlyForDeploymentPostprocessing = 0;
		};
/* End PBXFrameworksBuildPhase section */

/* Begin PBXGroup section */
		69123D25222C829600C5F486 = {
			isa = PBXGroup;
			children = (
				69123D30222C829600C5F486 /* ms76497_assignment5 */,
				69123D45222C829C00C5F486 /* ms76497_assignment5Tests */,
				69123D2F222C829600C5F486 /* Products */,
			);
			sourceTree = "<group>";
		};
		69123D2F222C829600C5F486 /* Products */ = {
			isa = PBXGroup;
			children = (
				69123D2E222C829600C5F486 /* ms76497_assignment5.app */,
				69123D42222C829C00C5F486 /* ms76497_assignment5Tests.xctest */,
			);
			name = Products;
			sourceTree = "<group>";
		};
		69123D30222C829600C5F486 /* ms76497_assignment5 */ = {
			isa = PBXGroup;
			children = (
				69123D59222E02F500C5F486 /* animals.plist */,
				EC20C3332230E15400977E94 /* Items.plist */,
				69123D31222C829600C5F486 /* AppDelegate.swift */,
				69123D35222C829600C5F486 /* Main.storyboard */,
				ED9281542232E60C0065E2AB /* AnimalCell.swift */,
				69123D53222C8F5400C5F486 /* AnimalsTableViewController.swift */,
				69123D3A222C829C00C5F486 /* LaunchScreen.storyboard */,
				EC20C3352230F0A000977E94 /* Assets.xcassets */,
				EC20C32F2230DABA00977E94 /* GalleryViewController.swift */,
				69123D3D222C829C00C5F486 /* Info.plist */,
				69123D51222C849200C5F486 /* Animal.swift */,
				EC20C3312230DC8200977E94 /* GalleryItem.swift */,
			);
			path = ms76497_assignment5;
			sourceTree = "<group>";
		};
		69123D45222C829C00C5F486 /* ms76497_assignment5Tests */ = {
			isa = PBXGroup;
			children = (
				69123D46222C829C00C5F486 /* ms76497_assignment5Tests.swift */,
				69123D48222C829C00C5F486 /* Info.plist */,
			);
			path = ms76497_assignment5Tests;
			sourceTree = "<group>";
		};
/* End PBXGroup section */

/* Begin PBXNativeTarget section */
		69123D2D222C829600C5F486 /* ms76497_assignment5 */ = {
			isa = PBXNativeTarget;
			buildConfigurationList = 69123D4B222C829C00C5F486 /* Build configuration list for PBXNativeTarget "ms76497_assignment5" */;
			buildPhases = (
				69123D2A222C829600C5F486 /* Sources */,
				69123D2B222C829600C5F486 /* Frameworks */,
				69123D2C222C829600C5F486 /* Resources */,
			);
			buildRules = (
			);
			dependencies = (
			);
			name = ms76497_assignment5;
			productName = ms76497_assignment5;
			productReference = 69123D2E222C829600C5F486 /* ms76497_assignment5.app */;
			productType = "com.apple.product-type.application";
		};
		69123D41222C829C00C5F486 /* ms76497_assignment5Tests */ = {
			isa = PBXNativeTarget;
			buildConfigurationList = 69123D4E222C829C00C5F486 /* Build configuration list for PBXNativeTarget "ms76497_assignment5Tests" */;
			buildPhases = (
				69123D3E222C829C00C5F486 /* Sources */,
				69123D3F222C829C00C5F486 /* Frameworks */,
				69123D40222C829C00C5F486 /* Resources */,
			);
			buildRules = (
			);
			dependencies = (
				69123D44222C829C00C5F486 /* PBXTargetDependency */,
			);
			name = ms76497_assignment5Tests;
			productName = ms76497_assignment5Tests;
			productReference = 69123D42222C829C00C5F486 /* ms76497_assignment5Tests.xctest */;
			productType = "com.apple.product-type.bundle.unit-test";
		};
/* End PBXNativeTarget section */

/* Begin PBXProject section */
		69123D26222C829600C5F486 /* Project object */ = {
			isa = PBXProject;
			attributes = {
				LastSwiftUpdateCheck = 1010;
				LastUpgradeCheck = 1010;
				ORGANIZATIONNAME = "Slijepcevic, Milica";
				TargetAttributes = {
					69123D2D222C829600C5F486 = {
						CreatedOnToolsVersion = 10.1;
					};
					69123D41222C829C00C5F486 = {
						CreatedOnToolsVersion = 10.1;
						TestTargetID = 69123D2D222C829600C5F486;
					};
				};
			};
			buildConfigurationList = 69123D29222C829600C5F486 /* Build configuration list for PBXProject "ms76497_assignment5" */;
			compatibilityVersion = "Xcode 9.3";
			developmentRegion = en;
			hasScannedForEncodings = 0;
			knownRegions = (
				en,
				Base,
			);
			mainGroup = 69123D25222C829600C5F486;
			productRefGroup = 69123D2F222C829600C5F486 /* Products */;
			projectDirPath = "";
			projectRoot = "";
			targets = (
				69123D2D222C829600C5F486 /* ms76497_assignment5 */,
				69123D41222C829C00C5F486 /* ms76497_assignment5Tests */,
			);
		};
/* End PBXProject section */

/* Begin PBXResourcesBuildPhase section */
		69123D2C222C829600C5F486 /* Resources */ = {
			isa = PBXResourcesBuildPhase;
			buildActionMask = 2147483647;
			files = (
				69123D5A222E02F500C5F486 /* animals.plist in Resources */,
				EC20C3342230E15400977E94 /* Items.plist in Resources */,
				69123D3C222C829C00C5F486 /* LaunchScreen.storyboard in Resources */,
				69123D37222C829600C5F486 /* Main.storyboard in Resources */,
				EC20C3362230F0A000977E94 /* Assets.xcassets in Resources */,
			);
			runOnlyForDeploymentPostprocessing = 0;
		};
		69123D40222C829C00C5F486 /* Resources */ = {
			isa = PBXResourcesBuildPhase;
			buildActionMask = 2147483647;
			files = (
			);
			runOnlyForDeploymentPostprocessing = 0;
		};
/* End PBXResourcesBuildPhase section */

/* Begin PBXSourcesBuildPhase section */
		69123D2A222C829600C5F486 /* Sources */ = {
			isa = PBXSourcesBuildPhase;
			buildActionMask = 2147483647;
			files = (
				EC20C3322230DC8200977E94 /* GalleryItem.swift in Sources */,
				ED9281552232E60C0065E2AB /* AnimalCell.swift in Sources */,
				69123D52222C849200C5F486 /* Animal.swift in Sources */,
				EC20C3302230DABA00977E94 /* GalleryViewController.swift in Sources */,
				69123D54222C8F5400C5F486 /* AnimalsTableViewController.swift in Sources */,
				69123D32222C829600C5F486 /* AppDelegate.swift in Sources */,
			);
			runOnlyForDeploymentPostprocessing = 0;
		};
		69123D3E222C829C00C5F486 /* Sources */ = {
			isa = PBXSourcesBuildPhase;
			buildActionMask = 2147483647;
			files = (
				69123D47222C829C00C5F486 /* ms76497_assignment5Tests.swift in Sources */,
			);
			runOnlyForDeploymentPostprocessing = 0;
		};
/* End PBXSourcesBuildPhase section */

/* Begin PBXTargetDependency section */
		69123D44222C829C00C5F486 /* PBXTargetDependency */ = {
			isa = PBXTargetDependency;
			target = 69123D2D222C829600C5F486 /* ms76497_assignment5 */;
			targetProxy = 69123D43222C829C00C5F486 /* PBXContainerItemProxy */;
		};
/* End PBXTargetDependency section */

/* Begin PBXVariantGroup section */
		69123D35222C829600C5F486 /* Main.storyboard */ = {
			isa = PBXVariantGroup;
			children = (
				69123D36222C829600C5F486 /* Base */,
			);
			name = Main.storyboard;
			sourceTree = "<group>";
		};
		69123D3A222C829C00C5F486 /* LaunchScreen.storyboard */ = {
			isa = PBXVariantGroup;
			children = (
				69123D3B222C829C00C5F486 /* Base */,
			);
			name = LaunchScreen.storyboard;
			sourceTree = "<group>";
		};
/* End PBXVariantGroup section */

/* Begin XCBuildConfiguration section */
		69123D49222C829C00C5F486 /* Debug */ = {
			isa = XCBuildConfiguration;
			buildSettings = {
				ALWAYS_SEARCH_USER_PATHS = NO;
				CLANG_ANALYZER_NONNULL = YES;
				CLANG_ANALYZER_NUMBER_OBJECT_CONVERSION = YES_AGGRESSIVE;
				CLANG_CXX_LANGUAGE_STANDARD = "gnu++14";
				CLANG_CXX_LIBRARY = "libc++";
				CLANG_ENABLE_MODULES = YES;
				CLANG_ENABLE_OBJC_ARC = YES;
				CLANG_ENABLE_OBJC_WEAK = YES;
				CLANG_WARN_BLOCK_CAPTURE_AUTORELEASING = YES;
				CLANG_WARN_BOOL_CONVERSION = YES;
				CLANG_WARN_COMMA = YES;
				CLANG_WARN_CONSTANT_CONVERSION = YES;
				CLANG_WARN_DEPRECATED_OBJC_IMPLEMENTATIONS = YES;
				CLANG_WARN_DIRECT_OBJC_ISA_USAGE = YES_ERROR;
				CLANG_WARN_DOCUMENTATION_COMMENTS = YES;
				CLANG_WARN_EMPTY_BODY = YES;
				CLANG_WARN_ENUM_CONVERSION = YES;
				CLANG_WARN_INFINITE_RECURSION = YES;
				CLANG_WARN_INT_CONVERSION = YES;
				CLANG_WARN_NON_LITERAL_NULL_CONVERSION = YES;
				CLANG_WARN_OBJC_IMPLICIT_RETAIN_SELF = YES;
				CLANG_WARN_OBJC_LITERAL_CONVERSION = YES;
				CLANG_WARN_OBJC_ROOT_CLASS = YES_ERROR;
				CLANG_WARN_RANGE_LOOP_ANALYSIS = YES;
				CLANG_WARN_STRICT_PROTOTYPES = YES;
				CLANG_WARN_SUSPICIOUS_MOVE = YES;
				CLANG_WARN_UNGUARDED_AVAILABILITY = YES_AGGRESSIVE;
				CLANG_WARN_UNREACHABLE_CODE = YES;
				CLANG_WARN__DUPLICATE_METHOD_MATCH = YES;
				CODE_SIGN_IDENTITY = "iPhone Developer";
				COPY_PHASE_STRIP = NO;
				DEBUG_INFORMATION_FORMAT = dwarf;
				ENABLE_STRICT_OBJC_MSGSEND = YES;
				ENABLE_TESTABILITY = YES;
				GCC_C_LANGUAGE_STANDARD = gnu11;
				GCC_DYNAMIC_NO_PIC = NO;
				GCC_NO_COMMON_BLOCKS = YES;
				GCC_OPTIMIZATION_LEVEL = 0;
				GCC_PREPROCESSOR_DEFINITIONS = (
					"DEBUG=1",
					"$(inherited)",
				);
				GCC_WARN_64_TO_32_BIT_CONVERSION = YES;
				GCC_WARN_ABOUT_RETURN_TYPE = YES_ERROR;
				GCC_WARN_UNDECLARED_SELECTOR = YES;
				GCC_WARN_UNINITIALIZED_AUTOS = YES_AGGRESSIVE;
				GCC_WARN_UNUSED_FUNCTION = YES;
				GCC_WARN_UNUSED_VARIABLE = YES;
				IPHONEOS_DEPLOYMENT_TARGET = 12.1;
				MTL_ENABLE_DEBUG_INFO = INCLUDE_SOURCE;
				MTL_FAST_MATH = YES;
				ONLY_ACTIVE_ARCH = YES;
				SDKROOT = iphoneos;
				SWIFT_ACTIVE_COMPILATION_CONDITIONS = DEBUG;
				SWIFT_OPTIMIZATION_LEVEL = "-Onone";
			};
			name = Debug;
		};
		69123D4A222C829C00C5F486 /* Release */ = {
			isa = XCBuildConfiguration;
			buildSettings = {
				ALWAYS_SEARCH_USER_PATHS = NO;
				CLANG_ANALYZER_NONNULL = YES;
				CLANG_ANALYZER_NUMBER_OBJECT_CONVERSION = YES_AGGRESSIVE;
				CLANG_CXX_LANGUAGE_STANDARD = "gnu++14";
				CLANG_CXX_LIBRARY = "libc++";
				CLANG_ENABLE_MODULES = YES;
				CLANG_ENABLE_OBJC_ARC = YES;
				CLANG_ENABLE_OBJC_WEAK = YES;
				CLANG_WARN_BLOCK_CAPTURE_AUTORELEASING = YES;
				CLANG_WARN_BOOL_CONVERSION = YES;
				CLANG_WARN_COMMA = YES;
				CLANG_WARN_CONSTANT_CONVERSION = YES;
				CLANG_WARN_DEPRECATED_OBJC_IMPLEMENTATIONS = YES;
				CLANG_WARN_DIRECT_OBJC_ISA_USAGE = YES_ERROR;
				CLANG_WARN_DOCUMENTATION_COMMENTS = YES;
				CLANG_WARN_EMPTY_BODY = YES;
				CLANG_WARN_ENUM_CONVERSION = YES;
				CLANG_WARN_INFINITE_RECURSION = YES;
				CLANG_WARN_INT_CONVERSION = YES;
				CLANG_WARN_NON_LITERAL_NULL_CONVERSION = YES;
				CLANG_WARN_OBJC_IMPLICIT_RETAIN_SELF = YES;
				CLANG_WARN_OBJC_LITERAL_CONVERSION = YES;
				CLANG_WARN_OBJC_ROOT_CLASS = YES_ERROR;
				CLANG_WARN_RANGE_LOOP_ANALYSIS = YES;
				CLANG_WARN_STRICT_PROTOTYPES = YES;
				CLANG_WARN_SUSPICIOUS_MOVE = YES;
				CLANG_WARN_UNGUARDED_AVAILABILITY = YES_AGGRESSIVE;
				CLANG_WARN_UNREACHABLE_CODE = YES;
				CLANG_WARN__DUPLICATE_METHOD_MATCH = YES;
				CODE_SIGN_IDENTITY = "iPhone Developer";
				COPY_PHASE_STRIP = NO;
				DEBUG_INFORMATION_FORMAT = "dwarf-with-dsym";
				ENABLE_NS_ASSERTIONS = NO;
				ENABLE_STRICT_OBJC_MSGSEND = YES;
				GCC_C_LANGUAGE_STANDARD = gnu11;
				GCC_NO_COMMON_BLOCKS = YES;
				GCC_WARN_64_TO_32_BIT_CONVERSION = YES;
				GCC_WARN_ABOUT_RETURN_TYPE = YES_ERROR;
				GCC_WARN_UNDECLARED_SELECTOR = YES;
				GCC_WARN_UNINITIALIZED_AUTOS = YES_AGGRESSIVE;
				GCC_WARN_UNUSED_FUNCTION = YES;
				GCC_WARN_UNUSED_VARIABLE = YES;
				IPHONEOS_DEPLOYMENT_TARGET = 12.1;
				MTL_ENABLE_DEBUG_INFO = NO;
				MTL_FAST_MATH = YES;
				SDKROOT = iphoneos;
				SWIFT_COMPILATION_MODE = wholemodule;
				SWIFT_OPTIMIZATION_LEVEL = "-O";
				VALIDATE_PRODUCT = YES;
			};
			name = Release;
		};
		69123D4C222C829C00C5F486 /* Debug */ = {
			isa = XCBuildConfiguration;
			buildSettings = {
				ASSETCATALOG_COMPILER_APPICON_NAME = AppIcon;
				CODE_SIGN_STYLE = Automatic;
				INFOPLIST_FILE = ms76497_assignment5/Info.plist;
				LD_RUNPATH_SEARCH_PATHS = (
					"$(inherited)",
					"@executable_path/Frameworks",
				);
				PRODUCT_BUNDLE_IDENTIFIER = "com.example.ms76497-assignment5";
				PRODUCT_NAME = "$(TARGET_NAME)";
				SWIFT_VERSION = 4.2;
				TARGETED_DEVICE_FAMILY = "1,2";
			};
			name = Debug;
		};
		69123D4D222C829C00C5F486 /* Release */ = {
			isa = XCBuildConfiguration;
			buildSettings = {
				ASSETCATALOG_COMPILER_APPICON_NAME = AppIcon;
				CODE_SIGN_STYLE = Automatic;
				INFOPLIST_FILE = ms76497_assignment5/Info.plist;
				LD_RUNPATH_SEARCH_PATHS = (
					"$(inherited)",
					"@executable_path/Frameworks",
				);
				PRODUCT_BUNDLE_IDENTIFIER = "com.example.ms76497-assignment5";
				PRODUCT_NAME = "$(TARGET_NAME)";
				SWIFT_VERSION = 4.2;
				TARGETED_DEVICE_FAMILY = "1,2";
			};
			name = Release;
		};
		69123D4F222C829C00C5F486 /* Debug */ = {
			isa = XCBuildConfiguration;
			buildSettings = {
				ALWAYS_EMBED_SWIFT_STANDARD_LIBRARIES = YES;
				BUNDLE_LOADER = "$(TEST_HOST)";
				CODE_SIGN_STYLE = Automatic;
				INFOPLIST_FILE = ms76497_assignment5Tests/Info.plist;
				LD_RUNPATH_SEARCH_PATHS = (
					"$(inherited)",
					"@executable_path/Frameworks",
					"@loader_path/Frameworks",
				);
				PRODUCT_BUNDLE_IDENTIFIER = "com.example.ms76497-assignment5Tests";
				PRODUCT_NAME = "$(TARGET_NAME)";
				SWIFT_VERSION = 4.2;
				TARGETED_DEVICE_FAMILY = "1,2";
				TEST_HOST = "$(BUILT_PRODUCTS_DIR)/ms76497_assignment5.app/ms76497_assignment5";
			};
			name = Debug;
		};
		69123D50222C829C00C5F486 /* Release */ = {
			isa = XCBuildConfiguration;
			buildSettings = {
				ALWAYS_EMBED_SWIFT_STANDARD_LIBRARIES = YES;
				BUNDLE_LOADER = "$(TEST_HOST)";
				CODE_SIGN_STYLE = Automatic;
				INFOPLIST_FILE = ms76497_assignment5Tests/Info.plist;
				LD_RUNPATH_SEARCH_PATHS = (
					"$(inherited)",
					"@executable_path/Frameworks",
					"@loader_path/Frameworks",
				);
				PRODUCT_BUNDLE_IDENTIFIER = "com.example.ms76497-assignment5Tests";
				PRODUCT_NAME = "$(TARGET_NAME)";
				SWIFT_VERSION = 4.2;
				TARGETED_DEVICE_FAMILY = "1,2";
				TEST_HOST = "$(BUILT_PRODUCTS_DIR)/ms76497_assignment5.app/ms76497_assignment5";
			};
			name = Release;
		};
/* End XCBuildConfiguration section */

/* Begin XCConfigurationList section */
		69123D29222C829600C5F486 /* Build configuration list for PBXProject "ms76497_assignment5" */ = {
			isa = XCConfigurationList;
			buildConfigurations = (
				69123D49222C829C00C5F486 /* Debug */,
				69123D4A222C829C00C5F486 /* Release */,
			);
			defaultConfigurationIsVisible = 0;
			defaultConfigurationName = Release;
		};
		69123D4B222C829C00C5F486 /* Build configuration list for PBXNativeTarget "ms76497_assignment5" */ = {
			isa = XCConfigurationList;
			buildConfigurations = (
				69123D4C222C829C00C5F486 /* Debug */,
				69123D4D222C829C00C5F486 /* Release */,
			);
			defaultConfigurationIsVisible = 0;
			defaultConfigurationName = Release;
		};
		69123D4E222C829C00C5F486 /* Build configuration list for PBXNativeTarget "ms76497_assignment5Tests" */ = {
			isa = XCConfigurationList;
			buildConfigurations = (
				69123D4F222C829C00C5F486 /* Debug */,
				69123D50222C829C00C5F486 /* Release */,
			);
			defaultConfigurationIsVisible = 0;
			defaultConfigurationName = Release;
		};
/* End XCConfigurationList section */
	};
	rootObject = 69123D26222C829600C5F486 /* Project object */;
}
